github.com/google/go-cmp v0.7.0 h1:wk8382ETsv4JYUZwIsn6YpYiWiBsYLSJiTsyBybVuN8=
github.com/google/go-cmp v0.7.0/go.mod h1:pXiqmnSA92OHEEa9HXL2W4E7lf9JzCmGVUdgjX3N/iU=
github.com/greatliontech/go-x-tools v0.50.1-0.20261009182129-f5608c7b7b28 h1:e+GwNT9khXpqVrFBMK8GdQnQ6j29f2Yx2NBpvtlCkS4=
github.com/greatliontech/go-x-tools v0.50.1-0.20261009182129-f5608c7b7b28/go.mod h1:Vd8lReLcZTopDeGvhvDnzfCLHrLBYnA7f42bvAF87XQ=
golang.org/x/mod v0.41.0 h1:qJmnOUb4YB+FsEuM3HcWucdZASCPGhsX6uljO6pog0c=
golang.org/x/mod v0.41.0/go.mod h1:Ek9pY8RKWXwsWvd3rQiHYtMqkjSUV+s1Rj7j4H5Ur6o=
golang.org/x/sync v0.23.0 h1:KameEIfc1IkluZyXWLn39Wd4tURc6GbCiISGiZm2bQk=
golang.org/x/sync v0.23.0/go.mod h1:sUUOizhqBxiL6pEWpqNLUiaJn1ShEbZ6BBqskPbjZm0=
